
Microsoft Visual Studio Solution File, Format Version 12.00
# Visual Studio Version 16
VisualStudioVersion = 16.0.30907.101
MinimumVisualStudioVersion = 10.0.40219.1
Project("{9A19103F-16F7-4668-BE54-9A1E7A4F7556}") = "HomeAssignmentLibrary.API", "HomeAssignmentLibrary.API\HomeAssignmentLibrary.API.csproj", "{2E5EE368-4C09-4712-A8F4-C7734011B9D5}"
EndProject
Project("{FAE04EC0-301F-11D3-BF4B-00C04F79EFBC}") = "HomeAssignment.Web", "HomeAssignment.Web\HomeAssignment.Web.csproj", "{DD8020E3-0145-4D78-83B6-FCFF5BC21C83}"
EndProject
Global
	GlobalSection(SolutionConfigurationPlatforms) = preSolution
		Debug|Any CPU = Debug|Any CPU
		Release|Any CPU = Release|Any CPU
	EndGlobalSection
	GlobalSection(ProjectConfigurationPlatforms) = postSolution
		{2E5EE368-4C09-4712-A8F4-C7734011B9D5}.Debug|Any CPU.ActiveCfg = Debug|Any CPU
		{2E5EE368-4C09-4712-A8F4-C7734011B9D5}.Debug|Any CPU.Build.0 = Debug|Any CPU
		{2E5EE368-4C09-4712-A8F4-C7734011B9D5}.Release|Any CPU.ActiveCfg = Release|Any CPU
		{2E5EE368-4C09-4712-A8F4-C7734011B9D5}.Release|Any CPU.Build.0 = Release|Any CPU
		{DD8020E3-0145-4D78-83B6-FCFF5BC21C83}.Debug|Any CPU.ActiveCfg = Debug|Any CPU
		{DD8020E3-0145-4D78-83B6-FCFF5BC21C83}.Debug|Any CPU.Build.0 = Debug|Any CPU
		{DD8020E3-0145-4D78-83B6-FCFF5BC21C83}.Release|Any CPU.ActiveCfg = Release|Any CPU
		{DD8020E3-0145-4D78-83B6-FCFF5BC21C83}.Release|Any CPU.Build.0 = Release|Any CPU
	EndGlobalSection
	GlobalSection(SolutionProperties) = preSolution
		HideSolutionNode = FALSE
	EndGlobalSection
	GlobalSection(ExtensibilityGlobals) = postSolution
		SolutionGuid = {5422B36E-EA3E-4AB6-ABCA-029A1458440B}
	EndGlobalSection
EndGlobal
